
Microsoft Visual Studio Solution File, Format Version 12.00
# Visual Studio Version 16
VisualStudioVersion = 16.0.29926.136
MinimumVisualStudioVersion = 10.0.40219.1
Project("{FAE04EC0-301F-11D3-BF4B-00C04F79EFBC}") = "FullChecker", "FullChecker\FullChecker.csproj", "{B28ED8E8-7DAA-447A-99B6-B92F2818B49F}"
EndProject
Global
	GlobalSection(SolutionConfigurationPlatforms) = preSolution
		Debug|Any CPU = Debug|Any CPU
		Release|Any CPU = Release|Any CPU
	EndGlobalSection
	GlobalSection(ProjectConfigurationPlatforms) = postSolution
		{B28ED8E8-7DAA-447A-99B6-B92F2818B49F}.Debug|Any CPU.ActiveCfg = Debug|Any CPU
		{B28ED8E8-7DAA-447A-99B6-B92F2818B49F}.Debug|Any CPU.Build.0 = Debug|Any CPU
		{B28ED8E8-7DAA-447A-99B6-B92F2818B49F}.Release|Any CPU.ActiveCfg = Release|Any CPU
		{B28ED8E8-7DAA-447A-99B6-B92F2818B49F}.Release|Any CPU.Build.0 = Release|Any CPU
	EndGlobalSection
	GlobalSection(SolutionProperties) = preSolution
		HideSolutionNode = FALSE
	EndGlobalSection
	GlobalSection(ExtensibilityGlobals) = postSolution
		SolutionGuid = {5BE6EAB3-74E3-49EA-824C-A0D2F771DD7E}
	EndGlobalSection
EndGlobal
