
Microsoft Visual Studio Solution File, Format Version 12.00
# Visual Studio Version 16
VisualStudioVersion = 16.0.29926.136
MinimumVisualStudioVersion = 10.0.40219.1
Project("{FAE04EC0-301F-11D3-BF4B-00C04F79EFBC}") = "SimpleJoins", "SimpleJoins\SimpleJoins.csproj", "{C6DAA7A4-9214-4AAB-A6C9-E8483C58C8C0}"
EndProject
Global
	GlobalSection(SolutionConfigurationPlatforms) = preSolution
		Debug|Any CPU = Debug|Any CPU
		Release|Any CPU = Release|Any CPU
	EndGlobalSection
	GlobalSection(ProjectConfigurationPlatforms) = postSolution
		{C6DAA7A4-9214-4AAB-A6C9-E8483C58C8C0}.Debug|Any CPU.ActiveCfg = Debug|Any CPU
		{C6DAA7A4-9214-4AAB-A6C9-E8483C58C8C0}.Debug|Any CPU.Build.0 = Debug|Any CPU
		{C6DAA7A4-9214-4AAB-A6C9-E8483C58C8C0}.Release|Any CPU.ActiveCfg = Release|Any CPU
		{C6DAA7A4-9214-4AAB-A6C9-E8483C58C8C0}.Release|Any CPU.Build.0 = Release|Any CPU
	EndGlobalSection
	GlobalSection(SolutionProperties) = preSolution
		HideSolutionNode = FALSE
	EndGlobalSection
	GlobalSection(ExtensibilityGlobals) = postSolution
		SolutionGuid = {631F0D7B-CB76-4FF5-B9FC-BC6624E2942D}
	EndGlobalSection
EndGlobal
