
Microsoft Visual Studio Solution File, Format Version 12.00
# Visual Studio Version 16
VisualStudioVersion = 16.0.29926.136
MinimumVisualStudioVersion = 10.0.40219.1
Project("{FAE04EC0-301F-11D3-BF4B-00C04F79EFBC}") = "ListShuffling", "ListShuffling\ListShuffling.csproj", "{44F77718-D146-4CEB-AFE2-254751BCB2A3}"
EndProject
Global
	GlobalSection(SolutionConfigurationPlatforms) = preSolution
		Debug|Any CPU = Debug|Any CPU
		Release|Any CPU = Release|Any CPU
	EndGlobalSection
	GlobalSection(ProjectConfigurationPlatforms) = postSolution
		{44F77718-D146-4CEB-AFE2-254751BCB2A3}.Debug|Any CPU.ActiveCfg = Debug|Any CPU
		{44F77718-D146-4CEB-AFE2-254751BCB2A3}.Debug|Any CPU.Build.0 = Debug|Any CPU
		{44F77718-D146-4CEB-AFE2-254751BCB2A3}.Release|Any CPU.ActiveCfg = Release|Any CPU
		{44F77718-D146-4CEB-AFE2-254751BCB2A3}.Release|Any CPU.Build.0 = Release|Any CPU
	EndGlobalSection
	GlobalSection(SolutionProperties) = preSolution
		HideSolutionNode = FALSE
	EndGlobalSection
	GlobalSection(ExtensibilityGlobals) = postSolution
		SolutionGuid = {AB5BBE9B-9BFE-4B02-A19E-7E89DE9F5AD2}
	EndGlobalSection
EndGlobal
