
Microsoft Visual Studio Solution File, Format Version 12.00
# Visual Studio Version 16
VisualStudioVersion = 16.0.29926.136
MinimumVisualStudioVersion = 10.0.40219.1
Project("{9A19103F-16F7-4668-BE54-9A1E7A4F7556}") = "MinMaxIntConcat", "MinMaxIntConcat\MinMaxIntConcat.csproj", "{F9BB3218-D7BE-4BCD-A547-014C2F8E8DD2}"
EndProject
Project("{FAE04EC0-301F-11D3-BF4B-00C04F79EFBC}") = "MinMaxIntConcat.Tests", "MinMaxIntConcat.Tests\MinMaxIntConcat.Tests.csproj", "{3374D44D-3590-4AF5-A767-1F9F4922B7BB}"
EndProject
Global
	GlobalSection(SolutionConfigurationPlatforms) = preSolution
		Debug|Any CPU = Debug|Any CPU
		Release|Any CPU = Release|Any CPU
	EndGlobalSection
	GlobalSection(ProjectConfigurationPlatforms) = postSolution
		{F9BB3218-D7BE-4BCD-A547-014C2F8E8DD2}.Debug|Any CPU.ActiveCfg = Debug|Any CPU
		{F9BB3218-D7BE-4BCD-A547-014C2F8E8DD2}.Debug|Any CPU.Build.0 = Debug|Any CPU
		{F9BB3218-D7BE-4BCD-A547-014C2F8E8DD2}.Release|Any CPU.ActiveCfg = Release|Any CPU
		{F9BB3218-D7BE-4BCD-A547-014C2F8E8DD2}.Release|Any CPU.Build.0 = Release|Any CPU
		{3374D44D-3590-4AF5-A767-1F9F4922B7BB}.Debug|Any CPU.ActiveCfg = Debug|Any CPU
		{3374D44D-3590-4AF5-A767-1F9F4922B7BB}.Debug|Any CPU.Build.0 = Debug|Any CPU
		{3374D44D-3590-4AF5-A767-1F9F4922B7BB}.Release|Any CPU.ActiveCfg = Release|Any CPU
		{3374D44D-3590-4AF5-A767-1F9F4922B7BB}.Release|Any CPU.Build.0 = Release|Any CPU
	EndGlobalSection
	GlobalSection(SolutionProperties) = preSolution
		HideSolutionNode = FALSE
	EndGlobalSection
	GlobalSection(ExtensibilityGlobals) = postSolution
		SolutionGuid = {92A1B636-3C78-46F5-9758-887506D46806}
	EndGlobalSection
EndGlobal
