
Microsoft Visual Studio Solution File, Format Version 12.00
# Visual Studio Version 16
VisualStudioVersion = 16.0.29926.136
MinimumVisualStudioVersion = 10.0.40219.1
Project("{FAE04EC0-301F-11D3-BF4B-00C04F79EFBC}") = "FileAlphanumericCounter", "FileAlphanumericCounter\FileAlphanumericCounter.csproj", "{203F777F-0A5F-404A-9B9D-C37396184C75}"
EndProject
Global
	GlobalSection(SolutionConfigurationPlatforms) = preSolution
		Debug|Any CPU = Debug|Any CPU
		Release|Any CPU = Release|Any CPU
	EndGlobalSection
	GlobalSection(ProjectConfigurationPlatforms) = postSolution
		{203F777F-0A5F-404A-9B9D-C37396184C75}.Debug|Any CPU.ActiveCfg = Debug|Any CPU
		{203F777F-0A5F-404A-9B9D-C37396184C75}.Debug|Any CPU.Build.0 = Debug|Any CPU
		{203F777F-0A5F-404A-9B9D-C37396184C75}.Release|Any CPU.ActiveCfg = Release|Any CPU
		{203F777F-0A5F-404A-9B9D-C37396184C75}.Release|Any CPU.Build.0 = Release|Any CPU
	EndGlobalSection
	GlobalSection(SolutionProperties) = preSolution
		HideSolutionNode = FALSE
	EndGlobalSection
	GlobalSection(ExtensibilityGlobals) = postSolution
		SolutionGuid = {4287DCEB-09B8-41AF-A4AD-F73C8FEAC9A4}
	EndGlobalSection
EndGlobal
