
Microsoft Visual Studio Solution File, Format Version 12.00
# Visual Studio Version 16
VisualStudioVersion = 16.0.29926.136
MinimumVisualStudioVersion = 10.0.40219.1
Project("{FAE04EC0-301F-11D3-BF4B-00C04F79EFBC}") = "FizzBuzz", "FizzBuzz\FizzBuzz.csproj", "{565F7EB6-754A-4633-93CD-45DDA900E28C}"
EndProject
Global
	GlobalSection(SolutionConfigurationPlatforms) = preSolution
		Debug|Any CPU = Debug|Any CPU
		Release|Any CPU = Release|Any CPU
	EndGlobalSection
	GlobalSection(ProjectConfigurationPlatforms) = postSolution
		{565F7EB6-754A-4633-93CD-45DDA900E28C}.Debug|Any CPU.ActiveCfg = Debug|Any CPU
		{565F7EB6-754A-4633-93CD-45DDA900E28C}.Debug|Any CPU.Build.0 = Debug|Any CPU
		{565F7EB6-754A-4633-93CD-45DDA900E28C}.Release|Any CPU.ActiveCfg = Release|Any CPU
		{565F7EB6-754A-4633-93CD-45DDA900E28C}.Release|Any CPU.Build.0 = Release|Any CPU
	EndGlobalSection
	GlobalSection(SolutionProperties) = preSolution
		HideSolutionNode = FALSE
	EndGlobalSection
	GlobalSection(ExtensibilityGlobals) = postSolution
		SolutionGuid = {E71B6F0F-6048-45BA-905E-E620CAD6DC04}
	EndGlobalSection
EndGlobal
